
Microsoft Visual Studio Solution File, Format Version 12.00
# Visual Studio Version 17
VisualStudioVersion = 17.12.35527.113
MinimumVisualStudioVersion = 10.0.40219.1
Project("{FAE04EC0-301F-11D3-BF4B-00C04F79EFBC}") = "ResponsibleService", "ResponsibleService\ResponsibleService.csproj", "{4351D191-F8A5-4AE3-B6A5-B8C00D411CF2}"
EndProject
Project("{FAE04EC0-301F-11D3-BF4B-00C04F79EFBC}") = "GatewayService", "GatewayService\GatewayService.csproj", "{5C04F3F5-CA2E-4F2A-854D-9F86851FD086}"
EndProject
Project("{2150E333-8FDC-42A3-9474-1A3956D46DE8}") = "Solution Items", "Solution Items", "{8E44E219-5774-4B8F-AE02-D73EFE079B0E}"
	ProjectSection(SolutionItems) = preProject
		.gitignore = .gitignore
		docker-compose.yml = docker-compose.yml
	EndProjectSection
EndProject
Global
	GlobalSection(SolutionConfigurationPlatforms) = preSolution
		Debug|Any CPU = Debug|Any CPU
		Release|Any CPU = Release|Any CPU
	EndGlobalSection
	GlobalSection(ProjectConfigurationPlatforms) = postSolution
		{4351D191-F8A5-4AE3-B6A5-B8C00D411CF2}.Debug|Any CPU.ActiveCfg = Debug|Any CPU
		{4351D191-F8A5-4AE3-B6A5-B8C00D411CF2}.Debug|Any CPU.Build.0 = Debug|Any CPU
		{4351D191-F8A5-4AE3-B6A5-B8C00D411CF2}.Release|Any CPU.ActiveCfg = Release|Any CPU
		{4351D191-F8A5-4AE3-B6A5-B8C00D411CF2}.Release|Any CPU.Build.0 = Release|Any CPU
		{5C04F3F5-CA2E-4F2A-854D-9F86851FD086}.Debug|Any CPU.ActiveCfg = Debug|Any CPU
		{5C04F3F5-CA2E-4F2A-854D-9F86851FD086}.Debug|Any CPU.Build.0 = Debug|Any CPU
		{5C04F3F5-CA2E-4F2A-854D-9F86851FD086}.Release|Any CPU.ActiveCfg = Release|Any CPU
		{5C04F3F5-CA2E-4F2A-854D-9F86851FD086}.Release|Any CPU.Build.0 = Release|Any CPU
	EndGlobalSection
	GlobalSection(SolutionProperties) = preSolution
		HideSolutionNode = FALSE
	EndGlobalSection
EndGlobal
